
Microsoft Visual Studio Solution File, Format Version 12.00
# Visual Studio Version 17
VisualStudioVersion = 17.11.35327.3
MinimumVisualStudioVersion = 10.0.40219.1
Project("{FAE04EC0-301F-11D3-BF4B-00C04F79EFBC}") = "FireCare", "FireCare.csproj", "{AE0C2F4C-6519-43B4-9228-6D2E042845A0}"
EndProject
Global
	GlobalSection(SolutionConfigurationPlatforms) = preSolution
		Debug|Any CPU = Debug|Any CPU
		Release|Any CPU = Release|Any CPU
	EndGlobalSection
	GlobalSection(ProjectConfigurationPlatforms) = postSolution
		{AE0C2F4C-6519-43B4-9228-6D2E042845A0}.Debug|Any CPU.ActiveCfg = Debug|Any CPU
		{AE0C2F4C-6519-43B4-9228-6D2E042845A0}.Debug|Any CPU.Build.0 = Debug|Any CPU
		{AE0C2F4C-6519-43B4-9228-6D2E042845A0}.Release|Any CPU.ActiveCfg = Release|Any CPU
		{AE0C2F4C-6519-43B4-9228-6D2E042845A0}.Release|Any CPU.Build.0 = Release|Any CPU
	EndGlobalSection
	GlobalSection(SolutionProperties) = preSolution
		HideSolutionNode = FALSE
	EndGlobalSection
	GlobalSection(ExtensibilityGlobals) = postSolution
		SolutionGuid = {CED24AF5-768F-4DFF-A061-92BF08AC568F}
	EndGlobalSection
EndGlobal
